
Microsoft Visual Studio Solution File, Format Version 12.00
# Visual Studio 2013
VisualStudioVersion = 12.0.31101.0
MinimumVisualStudioVersion = 10.0.40219.1
Project("{8BC9CEB8-8B4A-11D0-8D11-00A0C91BC942}") = "Array_retrival", "Array_retrival\Array_retrival.vcxproj", "{A9D0566D-DFAC-4CAA-9D7B-39423BF4DB6E}"
EndProject
Global
	GlobalSection(SolutionConfigurationPlatforms) = preSolution
		Debug|Win32 = Debug|Win32
		Release|Win32 = Release|Win32
	EndGlobalSection
	GlobalSection(ProjectConfigurationPlatforms) = postSolution
		{A9D0566D-DFAC-4CAA-9D7B-39423BF4DB6E}.Debug|Win32.ActiveCfg = Debug|Win32
		{A9D0566D-DFAC-4CAA-9D7B-39423BF4DB6E}.Debug|Win32.Build.0 = Debug|Win32
		{A9D0566D-DFAC-4CAA-9D7B-39423BF4DB6E}.Release|Win32.ActiveCfg = Release|Win32
		{A9D0566D-DFAC-4CAA-9D7B-39423BF4DB6E}.Release|Win32.Build.0 = Release|Win32
	EndGlobalSection
	GlobalSection(SolutionProperties) = preSolution
		HideSolutionNode = FALSE
	EndGlobalSection
EndGlobal
